
Microsoft Visual Studio Solution File, Format Version 12.00
# Visual Studio Version 16
VisualStudioVersion = 16.0.32228.343
MinimumVisualStudioVersion = 10.0.40219.1
Project("{FAE04EC0-301F-11D3-BF4B-00C04F79EFBC}") = "dk.gi.app.laan.panteos", "dk.gi.app.laan.panteos\dk.gi.app.laan.panteos.csproj", "{473E6030-38CA-4520-A073-09ECC90127B0}"
EndProject
Project("{2150E333-8FDC-42A3-9474-1A3956D46DE8}") = "Solution Items", "Solution Items", "{97B7BDB3-3841-4115-954E-B77D3D396C68}"
	ProjectSection(SolutionItems) = preProject
		.editorconfig = .editorconfig
		.tfignore = .tfignore
		nuget.config = nuget.config
	EndProjectSection
EndProject
Global
	GlobalSection(SolutionConfigurationPlatforms) = preSolution
		Debug|Any CPU = Debug|Any CPU
		Release|Any CPU = Release|Any CPU
	EndGlobalSection
	GlobalSection(ProjectConfigurationPlatforms) = postSolution
		{473E6030-38CA-4520-A073-09ECC90127B0}.Debug|Any CPU.ActiveCfg = Debug|Any CPU
		{473E6030-38CA-4520-A073-09ECC90127B0}.Debug|Any CPU.Build.0 = Debug|Any CPU
		{473E6030-38CA-4520-A073-09ECC90127B0}.Release|Any CPU.ActiveCfg = Release|Any CPU
		{473E6030-38CA-4520-A073-09ECC90127B0}.Release|Any CPU.Build.0 = Release|Any CPU
	EndGlobalSection
	GlobalSection(SolutionProperties) = preSolution
		HideSolutionNode = FALSE
	EndGlobalSection
	GlobalSection(ExtensibilityGlobals) = postSolution
		SolutionGuid = {A1DD4DD2-0FC7-486A-B507-6A2C3443EDED}
	EndGlobalSection
	GlobalSection(TeamFoundationVersionControl) = preSolution
		SccNumberOfProjects = 2
		SccEnterpriseProvider = {4CA58AB2-18FA-4F8D-95D4-32DDF27D184C}
		SccTeamFoundationServer = https://dev.azure.com/giadevops
		SccLocalPath0 = .
		SccProjectUniqueName1 = dk.gi.crm.app.laan.panteos\\dk.gi.crm.app.laan.panteos.csproj
		SccProjectName1 = dk.gi.crm.app.laan.panteos
		SccLocalPath1 = dk.gi.crm.app.laan.panteos
	EndGlobalSection
EndGlobal
