
Microsoft Visual Studio Solution File, Format Version 12.00
# Visual Studio Version 17
VisualStudioVersion = 17.14.36414.22 d17.14
MinimumVisualStudioVersion = 10.0.40219.1
Project("{FAE04EC0-301F-11D3-BF4B-00C04F79EFBC}") = "dk.gi.app.konto.satser.opret", "dk.gi.app.konto.satser.opret\dk.gi.app.konto.satser.opret.csproj", "{04A35AE7-E316-498B-B437-657BAF55A383}"
EndProject
Global
	GlobalSection(SolutionConfigurationPlatforms) = preSolution
		Debug|Any CPU = Debug|Any CPU
		Release|Any CPU = Release|Any CPU
	EndGlobalSection
	GlobalSection(ProjectConfigurationPlatforms) = postSolution
		{04A35AE7-E316-498B-B437-657BAF55A383}.Debug|Any CPU.ActiveCfg = Debug|Any CPU
		{04A35AE7-E316-498B-B437-657BAF55A383}.Debug|Any CPU.Build.0 = Debug|Any CPU
		{04A35AE7-E316-498B-B437-657BAF55A383}.Release|Any CPU.ActiveCfg = Release|Any CPU
		{04A35AE7-E316-498B-B437-657BAF55A383}.Release|Any CPU.Build.0 = Release|Any CPU
	EndGlobalSection
	GlobalSection(SolutionProperties) = preSolution
		HideSolutionNode = FALSE
	EndGlobalSection
	GlobalSection(ExtensibilityGlobals) = postSolution
		SolutionGuid = {C797552B-5376-4609-B424-963DD07FBFEC}
	EndGlobalSection
EndGlobal
